{
    "_meta": {
        "hash": {
            "sha256": "f6403849b263f9068d840fad20366c6967745dd7d8c62cdd83965a95e535a867"
        },
        "pipfile-spec": 6,
        "requires": {
            "python_version": "3.8"
        },
        "sources": [
            {
                "name": "pypi",
                "url": "https://pypi.org/simple",
                "verify_ssl": true
            }
        ]
    },
    "default": {
        "attrs": {
            "hashes": [
                "sha256:5cfb1b9148b5b086569baec03f20d7b6bf3bcacc9a42bebf87ffaaca362f6346",
                "sha256:81921eb96de3191c8258c199618104dd27ac608d9366f5e35d011eae1867ede2"
            ],
            "markers": "python_version >= '3.7'",
            "version": "==24.2.0"
        },
        "cmd2": {
            "hashes": [
                "sha256:71873c11f72bd19e2b1db578214716f0d4f7c8fa250093c601265a9a717dee52",
                "sha256:f1988ff2fff0ed812a2d25218a081b0fa0108d45b48ba2a9272bb98091b654e6"
            ],
            "markers": "python_version >= '3.6'",
            "version": "==2.4.3"
        },
        "mypackage": {
            "hashes": [
                "sha256:abb5f969061f0eabd4dbcaa5ba54933cd6c5160b90eef6dd4510c2940ab6a70b"
            ],
            "index": "pypi",
            "version": "==0.1"
        },
        "pyperclip": {
            "hashes": [
                "sha256:b7de0142ddc81bfc5c7507eea19da920b92252b548b96186caf94a5e2527d310"
            ],
            "version": "==1.9.0"
        },
        "wcwidth": {
            "hashes": [
                "sha256:3da69048e4540d84af32131829ff948f1e022c1c6bdb8d6102117aac784f6859",
                "sha256:72ea0c06399eb286d978fdedb6923a9eb47e1c486ce63e9b4e64fc18303972b5"
            ],
            "version": "==0.2.13"
        }
    },
    "develop": {}
}
